
Microsoft Visual Studio Solution File, Format Version 12.00
# Visual Studio Version 17
VisualStudioVersion = 17.9.34728.123
MinimumVisualStudioVersion = 10.0.40219.1
Project("{FAE04EC0-301F-11D3-BF4B-00C04F79EFBC}") = "WebApplication3", "WebApplication3\WebApplication3.csproj", "{61A6B2D5-67E5-4B7F-A6DC-C5A3CD1D0C26}"
EndProject
Global
	GlobalSection(SolutionConfigurationPlatforms) = preSolution
		Debug|Any CPU = Debug|Any CPU
		Release|Any CPU = Release|Any CPU
	EndGlobalSection
	GlobalSection(ProjectConfigurationPlatforms) = postSolution
		{61A6B2D5-67E5-4B7F-A6DC-C5A3CD1D0C26}.Debug|Any CPU.ActiveCfg = Debug|Any CPU
		{61A6B2D5-67E5-4B7F-A6DC-C5A3CD1D0C26}.Debug|Any CPU.Build.0 = Debug|Any CPU
		{61A6B2D5-67E5-4B7F-A6DC-C5A3CD1D0C26}.Release|Any CPU.ActiveCfg = Release|Any CPU
		{61A6B2D5-67E5-4B7F-A6DC-C5A3CD1D0C26}.Release|Any CPU.Build.0 = Release|Any CPU
	EndGlobalSection
	GlobalSection(SolutionProperties) = preSolution
		HideSolutionNode = FALSE
	EndGlobalSection
	GlobalSection(ExtensibilityGlobals) = postSolution
		SolutionGuid = {44ADB54F-AA9E-436B-BF78-BA7E85CA8C15}
	EndGlobalSection
EndGlobal
